
Microsoft Visual Studio Solution File, Format Version 12.00
# Visual Studio Version 17
VisualStudioVersion = 17.11.35208.52
MinimumVisualStudioVersion = 10.0.40219.1
Project("{FAE04EC0-301F-11D3-BF4B-00C04F79EFBC}") = "CS51", "CS51\CS51.csproj", "{8CE5A445-7B91-4B3D-875B-415FAEDA5116}"
EndProject
Global
	GlobalSection(SolutionConfigurationPlatforms) = preSolution
		Debug|Any CPU = Debug|Any CPU
		Release|Any CPU = Release|Any CPU
	EndGlobalSection
	GlobalSection(ProjectConfigurationPlatforms) = postSolution
		{8CE5A445-7B91-4B3D-875B-415FAEDA5116}.Debug|Any CPU.ActiveCfg = Debug|Any CPU
		{8CE5A445-7B91-4B3D-875B-415FAEDA5116}.Debug|Any CPU.Build.0 = Debug|Any CPU
		{8CE5A445-7B91-4B3D-875B-415FAEDA5116}.Release|Any CPU.ActiveCfg = Release|Any CPU
		{8CE5A445-7B91-4B3D-875B-415FAEDA5116}.Release|Any CPU.Build.0 = Release|Any CPU
	EndGlobalSection
	GlobalSection(SolutionProperties) = preSolution
		HideSolutionNode = FALSE
	EndGlobalSection
	GlobalSection(ExtensibilityGlobals) = postSolution
		SolutionGuid = {7096C321-61B8-4A6B-BEF8-9032320A6E07}
	EndGlobalSection
EndGlobal
