
Microsoft Visual Studio Solution File, Format Version 12.00
# Visual Studio Version 17
VisualStudioVersion = 17.11.35208.52
MinimumVisualStudioVersion = 10.0.40219.1
Project("{FAE04EC0-301F-11D3-BF4B-00C04F79EFBC}") = "TranQuocTuan-DCCTCT6605E", "TranQuocTuan-DCCTCT6605E\TranQuocTuan-DCCTCT6605E.csproj", "{9BCF1FFD-7099-4801-BE84-333D4E1AF106}"
EndProject
Global
	GlobalSection(SolutionConfigurationPlatforms) = preSolution
		Debug|Any CPU = Debug|Any CPU
		Release|Any CPU = Release|Any CPU
	EndGlobalSection
	GlobalSection(ProjectConfigurationPlatforms) = postSolution
		{9BCF1FFD-7099-4801-BE84-333D4E1AF106}.Debug|Any CPU.ActiveCfg = Debug|Any CPU
		{9BCF1FFD-7099-4801-BE84-333D4E1AF106}.Debug|Any CPU.Build.0 = Debug|Any CPU
		{9BCF1FFD-7099-4801-BE84-333D4E1AF106}.Release|Any CPU.ActiveCfg = Release|Any CPU
		{9BCF1FFD-7099-4801-BE84-333D4E1AF106}.Release|Any CPU.Build.0 = Release|Any CPU
	EndGlobalSection
	GlobalSection(SolutionProperties) = preSolution
		HideSolutionNode = FALSE
	EndGlobalSection
	GlobalSection(ExtensibilityGlobals) = postSolution
		SolutionGuid = {E311B7AC-7588-4FD9-8236-3A1EDEDB8E2A}
	EndGlobalSection
EndGlobal
