
Microsoft Visual Studio Solution File, Format Version 12.00
# Visual Studio Version 17
VisualStudioVersion = 17.11.35208.52
MinimumVisualStudioVersion = 10.0.40219.1
Project("{FAE04EC0-301F-11D3-BF4B-00C04F79EFBC}") = "CS44_48", "CS44_48\CS44_48.csproj", "{7AFC88A1-4312-4EE6-BFEC-18B9F1345BF8}"
EndProject
Global
	GlobalSection(SolutionConfigurationPlatforms) = preSolution
		Debug|Any CPU = Debug|Any CPU
		Release|Any CPU = Release|Any CPU
	EndGlobalSection
	GlobalSection(ProjectConfigurationPlatforms) = postSolution
		{7AFC88A1-4312-4EE6-BFEC-18B9F1345BF8}.Debug|Any CPU.ActiveCfg = Debug|Any CPU
		{7AFC88A1-4312-4EE6-BFEC-18B9F1345BF8}.Debug|Any CPU.Build.0 = Debug|Any CPU
		{7AFC88A1-4312-4EE6-BFEC-18B9F1345BF8}.Release|Any CPU.ActiveCfg = Release|Any CPU
		{7AFC88A1-4312-4EE6-BFEC-18B9F1345BF8}.Release|Any CPU.Build.0 = Release|Any CPU
	EndGlobalSection
	GlobalSection(SolutionProperties) = preSolution
		HideSolutionNode = FALSE
	EndGlobalSection
	GlobalSection(ExtensibilityGlobals) = postSolution
		SolutionGuid = {B4C84475-04BF-43E3-A952-26055EFAAB86}
	EndGlobalSection
EndGlobal
